
Microsoft Visual Studio Solution File, Format Version 12.00
# Visual Studio Version 16
VisualStudioVersion = 16.0.31105.61
MinimumVisualStudioVersion = 10.0.40219.1
Project("{FAE04EC0-301F-11D3-BF4B-00C04F79EFBC}") = "location_odev2", "location_odev2.csproj", "{BEB75A86-B1DA-431F-9FC7-7A4875D0580F}"
EndProject
Global
	GlobalSection(SolutionConfigurationPlatforms) = preSolution
		Debug|Any CPU = Debug|Any CPU
		Release|Any CPU = Release|Any CPU
	EndGlobalSection
	GlobalSection(ProjectConfigurationPlatforms) = postSolution
		{BEB75A86-B1DA-431F-9FC7-7A4875D0580F}.Debug|Any CPU.ActiveCfg = Debug|Any CPU
		{BEB75A86-B1DA-431F-9FC7-7A4875D0580F}.Debug|Any CPU.Build.0 = Debug|Any CPU
		{BEB75A86-B1DA-431F-9FC7-7A4875D0580F}.Release|Any CPU.ActiveCfg = Release|Any CPU
		{BEB75A86-B1DA-431F-9FC7-7A4875D0580F}.Release|Any CPU.Build.0 = Release|Any CPU
	EndGlobalSection
	GlobalSection(SolutionProperties) = preSolution
		HideSolutionNode = FALSE
	EndGlobalSection
	GlobalSection(ExtensibilityGlobals) = postSolution
		SolutionGuid = {CBB500FB-C464-4D7C-AA8E-4A84499AE5C3}
	EndGlobalSection
EndGlobal
